# This file is automatically @generated by Cargo.
# It is not intended for manual editing.
version = 4

[[package]]
name = "datagate-cli"
version = "0.1.0"

[[package]]
name = "datagate-core"
version = "0.1.0"

[[package]]
name = "datagate-file"
version = "0.1.0"

[[package]]
name = "datagate-mongo"
version = "0.1.0"

[[package]]
name = "datagate-sqlx"
version = "0.1.0"
